github.com/ProtonMail/crypto v0.0.0-20200605105621-11f6ee2dd602 h1:ainph8zAAGO7yqxvgyiZhV/kzDL/l5bXmhePsEuhKSA=
github.com/ProtonMail/crypto v0.0.0-20200605105621-11f6ee2dd602/go.mod h1:Pxr7w4gA2ikI4sWyYwEffm+oew1WAJHzG1SiDpQMkrI=
github.com/boltdb/bolt v1.3.1 h1:JQmyP4ZBrce+ZQu0dY660FMfatumYDLun9hBCUVIkF4=
github.com/boltdb/bolt v1.3.1/go.mod h1:clJnj/oiGkjum5o1McbSZDSLxVThjynRyGBgiAx27Ps=
github.com/davecgh/go-spew v1.1.0 h1:ZDRjVQ15GmhC3fiQ8ni8+OwkZQO4DARzQgrnXU1Liz8=
github.com/davecgh/go-spew v1.1.0/go.mod h1:J7Y8YcW2NihsgmVo/mv3lAwl/skON4iLHjSsI+c5H38=
github.com/davecgh/go-spew v1.1.1 h1:vj9j/u1bqnvCEfJOwUhtlOARqs3+rkHYY13jYWTU97c=
github.com/davecgh/go-spew v1.1.1/go.mod h1:J7Y8YcW2NihsgmVo/mv3lAwl/skON4iLHjSsI+c5H38=
github.com/emersion/go-bcrypt v0.0.0-20170822072041-6e724a1baa63 h1:7aCSuwTBzg7BCPRRaBJD0weKZYdeAykOrY6ktpx8Vvc=
github.com/emersion/go-bcrypt v0.0.0-20170822072041-6e724a1baa63/go.mod h1:eRwwJnuLVFtYTC+AI2JDJTMcuQUTYhBIK4I6bC5tpqw=
github.com/emersion/go-ical v0.0.0-20200224201310-cd514449c39e/go.mod h1:4xVTBPcT43a1pp3vdaa+FuRdX5XhKCZPpWv7m0z9ByM=
github.com/emersion/go-imap v1.0.6 h1:N9+o5laOGuntStBo+BOgfEB5evPsPD+K5+M0T2dctIc=
github.com/emersion/go-imap v1.0.6/go.mod h1:yKASt+C3ZiDAiCSssxg9caIckWF/JG7ZQTO7GAmvicU=
github.com/emersion/go-imap-move v0.0.0-20190710073258-6e5a51a5b342 h1:5p1t3e1PomYgLWwEwhwEU5kVBwcyAcVrOpexv8AeZx0=
github.com/emersion/go-imap-move v0.0.0-20190710073258-6e5a51a5b342/go.mod h1:QuMaZcKFDVI0yCrnAbPLfbwllz1wtOrZH8/vZ5yzp4w=
github.com/emersion/go-imap-specialuse v0.0.0-20201101201809-1ab93d3d150e h1:AwVkRMFFUMNu+tx0jchwyoXhS2VClQSzTtByVuzxbsE=
github.com/emersion/go-imap-specialuse v0.0.0-20201101201809-1ab93d3d150e/go.mod h1:/nybxhI8kXom8Tw6BrHMl42usALvka6meORflnnYwe4=
github.com/emersion/go-mbox v1.0.2 h1:tE/rT+lEugK9y0myEymCCHnwlZN04hlXPrbKkxRBA5I=
github.com/emersion/go-mbox v1.0.2/go.mod h1:Yp9IVuuOYLEuMv4yjgDHvhb5mHOcYH6x92Oas3QqEZI=
github.com/emersion/go-message v0.11.1 h1:0C/S4JIXDTSfXB1vpqdimAYyK4+79fgEAMQ0dSL+Kac=
github.com/emersion/go-message v0.11.1/go.mod h1:C4jnca5HOTo4bGN9YdqNQM9sITuT3Y0K6bSUw9RklvY=
github.com/emersion/go-message v0.14.0 h1:RMEs13hsCJ6I+bsjwD/pq38+bYEj8nMqb/0LUw/PEG8=
github.com/emersion/go-message v0.14.0/go.mod h1:N1JWdZQ2WRUalmdHAX308CWBq747VJ8oUorFI3VCBwU=
github.com/emersion/go-sasl v0.0.0-20191210011802-430746ea8b9b h1:uhWtEWBHgop1rqEk2klKaxPAkVDCXexai6hSuRQ7Nvs=
github.com/emersion/go-sasl v0.0.0-20191210011802-430746ea8b9b/go.mod h1:G/dpzLu16WtQpBfQ/z3LYiYJn3ZhKSGWn83fyoyQe/k=
github.com/emersion/go-sasl v0.0.0-20200509203442-7bfe0ed36a21 h1:OJyUGMJTzHTd1XQp98QTaHernxMYzRaOasRir9hUlFQ=
github.com/emersion/go-sasl v0.0.0-20200509203442-7bfe0ed36a21/go.mod h1:iL2twTeMvZnrg54ZoPDNfJaJaqy0xIQFuBdrLsmspwQ=
github.com/emersion/go-smtp v0.14.0 h1:RYW203p+EcPjL8Z/ZpT9lZ6iOc8MG1MQzEx1UKEkXlA=
github.com/emersion/go-smtp v0.14.0/go.mod h1:qm27SGYgoIPRot6ubfQ/GpiPy/g3PaZAVRxiO/sDUgQ=
github.com/emersion/go-textwrapper v0.0.0-20160606182133-d0e65e56babe h1:40SWqY0zE3qCi6ZrtTf5OUdNm5lDnGnjRSq9GgmeTrg=
github.com/emersion/go-textwrapper v0.0.0-20160606182133-d0e65e56babe/go.mod h1:aqO8z8wPrjkscevZJFVE1wXJrLpC5LtJG7fqLOsPb2U=
github.com/emersion/go-textwrapper v0.0.0-20200911093747-65d896831594 h1:IbFBtwoTQyw0fIM5xv1HF+Y+3ZijDR839WMulgxCcUY=
github.com/emersion/go-textwrapper v0.0.0-20200911093747-65d896831594/go.mod h1:aqO8z8wPrjkscevZJFVE1wXJrLpC5LtJG7fqLOsPb2U=
github.com/emersion/go-vcard v0.0.0-20191221110513-5f81fa0d3cc7 h1:SE+tcd+0kn0cT4MqTo66gmkjqWHF1Z+Yha5/rhLs/H8=
github.com/emersion/go-vcard v0.0.0-20191221110513-5f81fa0d3cc7/go.mod h1:HMJKR5wlh/ziNp+sHEDV2ltblO4JD2+IdDOWtGcQBTM=
github.com/emersion/go-vcard v0.0.0-20200508080525-dd3110a24ec2 h1:g1RgqggIPPkEBubnOxAbIglxjMsP0aHPO2ryigBHu2s=
github.com/emersion/go-vcard v0.0.0-20200508080525-dd3110a24ec2/go.mod h1:HMJKR5wlh/ziNp+sHEDV2ltblO4JD2+IdDOWtGcQBTM=
github.com/emersion/go-webdav v0.3.0 h1:I1J9xf7fa1NxXFWCKyN5Ju3Sa3jJeNMI3uJQKHYg0SY=
github.com/emersion/go-webdav v0.3.0/go.mod h1:uSM1VveeKtogBVWaYccTksToczooJ0rrVGNsgnDsr4Q=
github.com/howeyc/gopass v0.0.0-20190910152052-7cb4b85ec19c h1:aY2hhxLhjEAbfXOx2nRJxCXezC6CO2V/yN+OCr1srtk=
github.com/howeyc/gopass v0.0.0-20190910152052-7cb4b85ec19c/go.mod h1:lADxMC39cJJqL93Duh1xhAs4I2Zs8mKS89XWXFGp9cs=
github.com/kr/pretty v0.1.0 h1:L/CwN0zerZDmRFUapSPitk6f+Q3+0za1rQkzVuMiMFI=
github.com/kr/pretty v0.1.0/go.mod h1:dAy3ld7l9f0ibDNOQOHHMYYIIbhfbHSm3C4ZsoJORNo=
github.com/kr/pty v1.1.1/go.mod h1:pFQYn66WHrOpPYNljwOMqo10TkYh1fy3cYio2l3bCsQ=
github.com/kr/text v0.1.0 h1:45sCR5RtlFHMR4UwH9sdQ5TC8v0qDQCHnXt+kaKSTVE=
github.com/kr/text v0.1.0/go.mod h1:4Jbv+DJW3UT/LiOwJeYQe1efqtUx/iVham/4vfdArNI=
github.com/martinlindhe/base36 v1.0.0 h1:eYsumTah144C0A8P1T/AVSUk5ZoLnhfYFM3OGQxB52A=
github.com/martinlindhe/base36 v1.0.0/go.mod h1:+AtEs8xrBpCeYgSLoY/aJ6Wf37jtBuR0s35750M27+8=
github.com/martinlindhe/base36 v1.1.0 h1:cIwvvwYse/0+1CkUPYH5ZvVIYG3JrILmQEIbLuar02Y=
github.com/martinlindhe/base36 v1.1.0/go.mod h1:+AtEs8xrBpCeYgSLoY/aJ6Wf37jtBuR0s35750M27+8=
github.com/pmezard/go-difflib v1.0.0 h1:4DBwDE0NGyQoBHbLQYPwSUPoCMWR5BEzIk/f1lZbAQM=
github.com/pmezard/go-difflib v1.0.0/go.mod h1:iKH77koFhYxTK1pcRnkKkqfTogsbg7gZNVY4sRDYZ/4=
github.com/stretchr/objx v0.1.0 h1:4G4v2dO3VZwixGIRoQ5Lfboy6nUhCyYzaqnIAPPhYs4=
github.com/stretchr/objx v0.1.0/go.mod h1:HFkY916IF+rwdDfMAkV7OtwuqBVzrE8GR6GFx+wExME=
github.com/stretchr/testify v1.3.0 h1:TivCn/peBQ7UY8ooIcPgZFpTNSz0Q2U6UrFlUfqbe0Q=
github.com/stretchr/testify v1.3.0/go.mod h1:M5WIy9Dh21IEIfnGCwXGc5bZfKNJtfHm1UVUgZn+9EI=
github.com/stretchr/testify v1.4.0 h1:2E4SXV/wtOkTonXsotYi4li6zVWxYlZuYNCXe9XRJyk=
github.com/stretchr/testify v1.4.0/go.mod h1:j7eGeouHqKxXV5pUuKE4zz7dFj8WfuZ+81PSLYec5m4=
golang.org/x/net v0.0.0-20190404232315-eb5bcb51f2a3/go.mod h1:t9HGtf8HONx5eT2rtn7q6eTqICYqUVnKs3thJo3Qplg=
golang.org/x/sys v0.0.0-20190412213103-97732733099d/go.mod h1:h1NjWce9XRLGQEsW7wpKNCjG9DtNlClVuFLEZdDNbEs=
golang.org/x/sys v0.0.0-20201214210602-f9fddec55a1e h1:AyodaIpKjppX+cBfTASF2E1US3H2JFBj920Ot3rtDjs=
golang.org/x/sys v0.0.0-20201214210602-f9fddec55a1e/go.mod h1:h1NjWce9XRLGQEsW7wpKNCjG9DtNlClVuFLEZdDNbEs=
golang.org/x/text v0.3.0 h1:g61tztE5qeGQ89tm6NTjjM9VPIm088od1l6aSorWRWg=
golang.org/x/text v0.3.0/go.mod h1:NqM8EUOU14njkJ3fqMW+pc6Ldnwhi/IjpwHt7yyuwOQ=
golang.org/x/text v0.3.2 h1:tW2bmiBqwgJj/UpqtC8EpXEZVYOwU0yG4iWbprSVAcs=
golang.org/x/text v0.3.2/go.mod h1:bEr9sfX3Q8Zfm5fL9x+3itogRgK3+ptLWKqgva+5dAk=
golang.org/x/text v0.3.5-0.20201125200606-c27b9fd57aec h1:A1qYjneJuzBZZ2gIB8rd6zrfq6l7SoEMJ8EsSilNK/U=
golang.org/x/text v0.3.5-0.20201125200606-c27b9fd57aec/go.mod h1:5Zoc/QRtKVWzQhOtBMvqHzDpF6irO9z98xDceosuGiQ=
golang.org/x/tools v0.0.0-20180917221912-90fa682c2a6e/go.mod h1:n7NCudcB/nEzxVGmLbDWY5pfWTLqBcC2KZ6jyYvM4mQ=
gopkg.in/check.v1 v0.0.0-20161208181325-20d25e280405/go.mod h1:Co6ibVJAznAaIkqp8huTwlJQCZ016jof/cbN4VW5Yz0=
gopkg.in/check.v1 v1.0.0-20180628173108-788fd7840127 h1:qIbj1fsPNlZgppZ+VLlY7N33q108Sa+fhmuc+sWQYwY=
gopkg.in/check.v1 v1.0.0-20180628173108-788fd7840127/go.mod h1:Co6ibVJAznAaIkqp8huTwlJQCZ016jof/cbN4VW5Yz0=
gopkg.in/yaml.v2 v2.2.2 h1:ZCJp+EgiOT7lHqUV2J862kp8Qj64Jo6az82+3Td9dZw=
gopkg.in/yaml.v2 v2.2.2/go.mod h1:hI93XBmqTisBFMUTm0b8Fm+jr3Dg1NNxqwp+5A1VGuI=
